
Microsoft Visual Studio Solution File, Format Version 12.00
# Visual Studio Version 17
VisualStudioVersion = 17.10.34928.147
MinimumVisualStudioVersion = 10.0.40219.1
Project("{FAE04EC0-301F-11D3-BF4B-00C04F79EFBC}") = "cohort4_Lecture1", "cohort4_Lecture1\cohort4_Lecture1.csproj", "{DAFC8D7D-A9FF-4BA2-88BB-3123D6CB3D02}"
EndProject
Global
	GlobalSection(SolutionConfigurationPlatforms) = preSolution
		Debug|Any CPU = Debug|Any CPU
		Release|Any CPU = Release|Any CPU
	EndGlobalSection
	GlobalSection(ProjectConfigurationPlatforms) = postSolution
		{DAFC8D7D-A9FF-4BA2-88BB-3123D6CB3D02}.Debug|Any CPU.ActiveCfg = Debug|Any CPU
		{DAFC8D7D-A9FF-4BA2-88BB-3123D6CB3D02}.Debug|Any CPU.Build.0 = Debug|Any CPU
		{DAFC8D7D-A9FF-4BA2-88BB-3123D6CB3D02}.Release|Any CPU.ActiveCfg = Release|Any CPU
		{DAFC8D7D-A9FF-4BA2-88BB-3123D6CB3D02}.Release|Any CPU.Build.0 = Release|Any CPU
	EndGlobalSection
	GlobalSection(SolutionProperties) = preSolution
		HideSolutionNode = FALSE
	EndGlobalSection
	GlobalSection(ExtensibilityGlobals) = postSolution
		SolutionGuid = {A5B18B94-62B1-4B3A-8A25-FB58DE32B310}
	EndGlobalSection
EndGlobal
